{
	"name": "dits",
	"version": "0.0.8",
	"lockfileVersion": 2,
	"requires": true,
	"packages": {
		"": {
			"version": "0.0.8",
			"dependencies": {
				"wasm-git": "^0.0.4"
			},
			"devDependencies": {
				"@types/vscode": "^1.32.0"
			},
			"engines": {
				"vscode": "^1.32.0"
			}
		},
		"node_modules/@types/vscode": {
			"version": "1.33.0",
			"resolved": "https://registry.npmjs.org/@types/vscode/-/vscode-1.33.0.tgz",
			"integrity": "sha512-JSmGiValbrcG5g20jjCfKakLiuWyrcjVezj+SEAEZ4klXQktE5EtowuGlkLVqbkiBK4iY5wy/4yW8OjecuHnjQ==",
			"dev": true
		},
		"node_modules/wasm-git": {
			"version": "0.0.4",
			"resolved": "https://registry.npmjs.org/wasm-git/-/wasm-git-0.0.4.tgz",
			"integrity": "sha512-99owwK4XcwZFTQsjW+4Zgkjan1o2VvbP7e///Zd23k/3aLx5iOEDo/eyuX7RifJJlvFCSBbIWdC0ocqYPCB1Zg=="
		}
	},
	"dependencies": {
		"@types/vscode": {
			"version": "1.33.0",
			"resolved": "https://registry.npmjs.org/@types/vscode/-/vscode-1.33.0.tgz",
			"integrity": "sha512-JSmGiValbrcG5g20jjCfKakLiuWyrcjVezj+SEAEZ4klXQktE5EtowuGlkLVqbkiBK4iY5wy/4yW8OjecuHnjQ==",
			"dev": true
		},
		"wasm-git": {
			"version": "0.0.4",
			"resolved": "https://registry.npmjs.org/wasm-git/-/wasm-git-0.0.4.tgz",
			"integrity": "sha512-99owwK4XcwZFTQsjW+4Zgkjan1o2VvbP7e///Zd23k/3aLx5iOEDo/eyuX7RifJJlvFCSBbIWdC0ocqYPCB1Zg=="
		}
	}
}
